
Microsoft Visual Studio Solution File, Format Version 12.00
# Visual Studio Version 16
VisualStudioVersion = 16.0.29201.188
MinimumVisualStudioVersion = 10.0.40219.1
Project("{2150E333-8FDC-42A3-9474-1A3956D46DE8}") = "Core", "Core", "{0EE4C6B9-78A9-45C4-94CA-DE8A89C71578}"
EndProject
Project("{9A19103F-16F7-4668-BE54-9A1E7A4F7556}") = "ServiceHost", "ServiceHost\ServiceHost.csproj", "{58DF4637-DA6C-4E19-8BF9-877EB23DA370}"
EndProject
Project("{9A19103F-16F7-4668-BE54-9A1E7A4F7556}") = "HospitalCore", "HospitalCore\HospitalCore.csproj", "{F7BE72D6-4DE4-4E63-B367-84C05A5FE08D}"
EndProject
Project("{2150E333-8FDC-42A3-9474-1A3956D46DE8}") = "Adapters", "Adapters", "{756B3845-0D69-4495-B76B-E0815D104515}"
EndProject
Project("{9A19103F-16F7-4668-BE54-9A1E7A4F7556}") = "FinanceSystem", "FinanceSystem\FinanceSystem.csproj", "{46EEF492-92CD-44FE-AFA5-AD15FEB7E35E}"
EndProject
Project("{9A19103F-16F7-4668-BE54-9A1E7A4F7556}") = "DomainObjects", "DomainObjects\DomainObjects.csproj", "{C067A332-C310-469B-AF5D-E328EEA8F9AC}"
EndProject
Project("{2150E333-8FDC-42A3-9474-1A3956D46DE8}") = "DB", "DB", "{F626567E-A563-45B0-967D-22985F9E32C8}"
EndProject
Project("{9A19103F-16F7-4668-BE54-9A1E7A4F7556}") = "MysqlDBOperation", "MysqlDBOperation\MysqlDBOperation.csproj", "{132E98F3-93ED-41FA-91D4-1E1535ED4D31}"
EndProject
Project("{9A19103F-16F7-4668-BE54-9A1E7A4F7556}") = "DataAccessHandler", "DataAccessHandler\DataAccessHandler.csproj", "{EB10CAA6-53C1-4EEE-9419-8AB36E728E5A}"
EndProject
Project("{9A19103F-16F7-4668-BE54-9A1E7A4F7556}") = "DataAccessFactories", "DataAccessFactories\DataAccessFactories.csproj", "{AA38D715-9709-439B-A132-5EA00FBF3BD0}"
EndProject
Project("{9A19103F-16F7-4668-BE54-9A1E7A4F7556}") = "DependencyResolver", "DependencyResolver\DependencyResolver.csproj", "{300BD3E4-C657-4AE0-856F-9D1067F24A34}"
EndProject
Project("{9A19103F-16F7-4668-BE54-9A1E7A4F7556}") = "PrimaryPort", "PrimaryPort\PrimaryPort.csproj", "{1B3944F8-D3A4-498A-A72A-F5284279211E}"
EndProject
Project("{9A19103F-16F7-4668-BE54-9A1E7A4F7556}") = "SecondaryPort", "SecondaryPort\SecondaryPort.csproj", "{EC737E44-9F70-488A-B79B-BB97AF6649B0}"
EndProject
Global
	GlobalSection(SolutionConfigurationPlatforms) = preSolution
		Debug|Any CPU = Debug|Any CPU
		Release|Any CPU = Release|Any CPU
	EndGlobalSection
	GlobalSection(ProjectConfigurationPlatforms) = postSolution
		{58DF4637-DA6C-4E19-8BF9-877EB23DA370}.Debug|Any CPU.ActiveCfg = Debug|Any CPU
		{58DF4637-DA6C-4E19-8BF9-877EB23DA370}.Debug|Any CPU.Build.0 = Debug|Any CPU
		{58DF4637-DA6C-4E19-8BF9-877EB23DA370}.Release|Any CPU.ActiveCfg = Release|Any CPU
		{58DF4637-DA6C-4E19-8BF9-877EB23DA370}.Release|Any CPU.Build.0 = Release|Any CPU
		{F7BE72D6-4DE4-4E63-B367-84C05A5FE08D}.Debug|Any CPU.ActiveCfg = Debug|Any CPU
		{F7BE72D6-4DE4-4E63-B367-84C05A5FE08D}.Debug|Any CPU.Build.0 = Debug|Any CPU
		{F7BE72D6-4DE4-4E63-B367-84C05A5FE08D}.Release|Any CPU.ActiveCfg = Release|Any CPU
		{F7BE72D6-4DE4-4E63-B367-84C05A5FE08D}.Release|Any CPU.Build.0 = Release|Any CPU
		{46EEF492-92CD-44FE-AFA5-AD15FEB7E35E}.Debug|Any CPU.ActiveCfg = Debug|Any CPU
		{46EEF492-92CD-44FE-AFA5-AD15FEB7E35E}.Debug|Any CPU.Build.0 = Debug|Any CPU
		{46EEF492-92CD-44FE-AFA5-AD15FEB7E35E}.Release|Any CPU.ActiveCfg = Release|Any CPU
		{46EEF492-92CD-44FE-AFA5-AD15FEB7E35E}.Release|Any CPU.Build.0 = Release|Any CPU
		{C067A332-C310-469B-AF5D-E328EEA8F9AC}.Debug|Any CPU.ActiveCfg = Debug|Any CPU
		{C067A332-C310-469B-AF5D-E328EEA8F9AC}.Debug|Any CPU.Build.0 = Debug|Any CPU
		{C067A332-C310-469B-AF5D-E328EEA8F9AC}.Release|Any CPU.ActiveCfg = Release|Any CPU
		{C067A332-C310-469B-AF5D-E328EEA8F9AC}.Release|Any CPU.Build.0 = Release|Any CPU
		{132E98F3-93ED-41FA-91D4-1E1535ED4D31}.Debug|Any CPU.ActiveCfg = Debug|Any CPU
		{132E98F3-93ED-41FA-91D4-1E1535ED4D31}.Debug|Any CPU.Build.0 = Debug|Any CPU
		{132E98F3-93ED-41FA-91D4-1E1535ED4D31}.Release|Any CPU.ActiveCfg = Release|Any CPU
		{132E98F3-93ED-41FA-91D4-1E1535ED4D31}.Release|Any CPU.Build.0 = Release|Any CPU
		{EB10CAA6-53C1-4EEE-9419-8AB36E728E5A}.Debug|Any CPU.ActiveCfg = Debug|Any CPU
		{EB10CAA6-53C1-4EEE-9419-8AB36E728E5A}.Debug|Any CPU.Build.0 = Debug|Any CPU
		{EB10CAA6-53C1-4EEE-9419-8AB36E728E5A}.Release|Any CPU.ActiveCfg = Release|Any CPU
		{EB10CAA6-53C1-4EEE-9419-8AB36E728E5A}.Release|Any CPU.Build.0 = Release|Any CPU
		{AA38D715-9709-439B-A132-5EA00FBF3BD0}.Debug|Any CPU.ActiveCfg = Debug|Any CPU
		{AA38D715-9709-439B-A132-5EA00FBF3BD0}.Debug|Any CPU.Build.0 = Debug|Any CPU
		{AA38D715-9709-439B-A132-5EA00FBF3BD0}.Release|Any CPU.ActiveCfg = Release|Any CPU
		{AA38D715-9709-439B-A132-5EA00FBF3BD0}.Release|Any CPU.Build.0 = Release|Any CPU
		{300BD3E4-C657-4AE0-856F-9D1067F24A34}.Debug|Any CPU.ActiveCfg = Debug|Any CPU
		{300BD3E4-C657-4AE0-856F-9D1067F24A34}.Debug|Any CPU.Build.0 = Debug|Any CPU
		{300BD3E4-C657-4AE0-856F-9D1067F24A34}.Release|Any CPU.ActiveCfg = Release|Any CPU
		{300BD3E4-C657-4AE0-856F-9D1067F24A34}.Release|Any CPU.Build.0 = Release|Any CPU
		{1B3944F8-D3A4-498A-A72A-F5284279211E}.Debug|Any CPU.ActiveCfg = Debug|Any CPU
		{1B3944F8-D3A4-498A-A72A-F5284279211E}.Debug|Any CPU.Build.0 = Debug|Any CPU
		{1B3944F8-D3A4-498A-A72A-F5284279211E}.Release|Any CPU.ActiveCfg = Release|Any CPU
		{1B3944F8-D3A4-498A-A72A-F5284279211E}.Release|Any CPU.Build.0 = Release|Any CPU
		{EC737E44-9F70-488A-B79B-BB97AF6649B0}.Debug|Any CPU.ActiveCfg = Debug|Any CPU
		{EC737E44-9F70-488A-B79B-BB97AF6649B0}.Debug|Any CPU.Build.0 = Debug|Any CPU
		{EC737E44-9F70-488A-B79B-BB97AF6649B0}.Release|Any CPU.ActiveCfg = Release|Any CPU
		{EC737E44-9F70-488A-B79B-BB97AF6649B0}.Release|Any CPU.Build.0 = Release|Any CPU
	EndGlobalSection
	GlobalSection(SolutionProperties) = preSolution
		HideSolutionNode = FALSE
	EndGlobalSection
	GlobalSection(NestedProjects) = preSolution
		{58DF4637-DA6C-4E19-8BF9-877EB23DA370} = {0EE4C6B9-78A9-45C4-94CA-DE8A89C71578}
		{F7BE72D6-4DE4-4E63-B367-84C05A5FE08D} = {0EE4C6B9-78A9-45C4-94CA-DE8A89C71578}
		{46EEF492-92CD-44FE-AFA5-AD15FEB7E35E} = {756B3845-0D69-4495-B76B-E0815D104515}
		{C067A332-C310-469B-AF5D-E328EEA8F9AC} = {0EE4C6B9-78A9-45C4-94CA-DE8A89C71578}
		{F626567E-A563-45B0-967D-22985F9E32C8} = {756B3845-0D69-4495-B76B-E0815D104515}
		{132E98F3-93ED-41FA-91D4-1E1535ED4D31} = {F626567E-A563-45B0-967D-22985F9E32C8}
		{EB10CAA6-53C1-4EEE-9419-8AB36E728E5A} = {F626567E-A563-45B0-967D-22985F9E32C8}
		{AA38D715-9709-439B-A132-5EA00FBF3BD0} = {F626567E-A563-45B0-967D-22985F9E32C8}
		{300BD3E4-C657-4AE0-856F-9D1067F24A34} = {0EE4C6B9-78A9-45C4-94CA-DE8A89C71578}
		{1B3944F8-D3A4-498A-A72A-F5284279211E} = {0EE4C6B9-78A9-45C4-94CA-DE8A89C71578}
		{EC737E44-9F70-488A-B79B-BB97AF6649B0} = {0EE4C6B9-78A9-45C4-94CA-DE8A89C71578}
	EndGlobalSection
	GlobalSection(ExtensibilityGlobals) = postSolution
		SolutionGuid = {56AB229D-57A8-4D65-BB07-E9E1BA575857}
	EndGlobalSection
EndGlobal
